
Microsoft Visual Studio Solution File, Format Version 12.00
# Visual Studio 15
Project("{FAE04EC0-301F-11D3-BF4B-00C04F79EFBC}") = "Assembly-CSharp", "Assembly-CSharp.csproj", "{A0974B71-C139-AA83-493F-570DD2EFADF4}"
EndProject
Project("{FAE04EC0-301F-11D3-BF4B-00C04F79EFBC}") = "Assembly-CSharp-Editor", "Assembly-CSharp-Editor.csproj", "{2CE4EC00-595D-B941-2CB8-FACFD06100FA}"
EndProject
Global
	GlobalSection(SolutionConfigurationPlatforms) = preSolution
		Debug|Any CPU = Debug|Any CPU
		Release|Any CPU = Release|Any CPU
	EndGlobalSection
	GlobalSection(ProjectConfigurationPlatforms) = postSolution
		{A0974B71-C139-AA83-493F-570DD2EFADF4}.Debug|Any CPU.ActiveCfg = Debug|Any CPU
		{A0974B71-C139-AA83-493F-570DD2EFADF4}.Debug|Any CPU.Build.0 = Debug|Any CPU
		{A0974B71-C139-AA83-493F-570DD2EFADF4}.Release|Any CPU.ActiveCfg = Release|Any CPU
		{A0974B71-C139-AA83-493F-570DD2EFADF4}.Release|Any CPU.Build.0 = Release|Any CPU
		{2CE4EC00-595D-B941-2CB8-FACFD06100FA}.Debug|Any CPU.ActiveCfg = Debug|Any CPU
		{2CE4EC00-595D-B941-2CB8-FACFD06100FA}.Debug|Any CPU.Build.0 = Debug|Any CPU
		{2CE4EC00-595D-B941-2CB8-FACFD06100FA}.Release|Any CPU.ActiveCfg = Release|Any CPU
		{2CE4EC00-595D-B941-2CB8-FACFD06100FA}.Release|Any CPU.Build.0 = Release|Any CPU
	EndGlobalSection
	GlobalSection(SolutionProperties) = preSolution
		HideSolutionNode = FALSE
	EndGlobalSection
EndGlobal
